github.com/labstack/echo/v5 v5.1.0 h1:MvIRydoN+p9cx/zq8Lff6YXqUW2ZaEsOMISzEGSMrBI=
github.com/labstack/echo/v5 v5.1.0/go.mod h1:SyvlSdObGjRXeQfCCXW/sybkZdOOQZBmpKF0bvALaeo=
github.com/mattn/go-sqlite3 v1.14.40 h1:f7+saIsbq4EF86mUqe0uiecQOJYMOdfi5uATADmUG94=
github.com/mattn/go-sqlite3 v1.14.40/go.mod h1:pjEuOr8IwzLJP2MfGeTb0A35jauH+C2kbHKBr7yXKVQ=
